
Microsoft Visual Studio Solution File, Format Version 12.00
# Visual Studio Version 17
VisualStudioVersion = 17.11.35327.3
MinimumVisualStudioVersion = 10.0.40219.1
Project("{FAE04EC0-301F-11D3-BF4B-00C04F79EFBC}") = "3rdProjectFP", "3rdProjectFP.csproj", "{ECAC45D8-3763-4473-A82D-E9B9441B27F9}"
EndProject
Global
	GlobalSection(SolutionConfigurationPlatforms) = preSolution
		Debug|Any CPU = Debug|Any CPU
		Release|Any CPU = Release|Any CPU
	EndGlobalSection
	GlobalSection(ProjectConfigurationPlatforms) = postSolution
		{ECAC45D8-3763-4473-A82D-E9B9441B27F9}.Debug|Any CPU.ActiveCfg = Debug|Any CPU
		{ECAC45D8-3763-4473-A82D-E9B9441B27F9}.Debug|Any CPU.Build.0 = Debug|Any CPU
		{ECAC45D8-3763-4473-A82D-E9B9441B27F9}.Release|Any CPU.ActiveCfg = Release|Any CPU
		{ECAC45D8-3763-4473-A82D-E9B9441B27F9}.Release|Any CPU.Build.0 = Release|Any CPU
	EndGlobalSection
	GlobalSection(SolutionProperties) = preSolution
		HideSolutionNode = FALSE
	EndGlobalSection
	GlobalSection(ExtensibilityGlobals) = postSolution
		SolutionGuid = {6AB61686-BBE9-4EB5-A765-2BB722354EEF}
	EndGlobalSection
EndGlobal
